
Microsoft Visual Studio Solution File, Format Version 12.00
# Visual Studio Version 17
VisualStudioVersion = 17.14.36908.2 d17.14
MinimumVisualStudioVersion = 10.0.40219.1
Project("{FAE04EC0-301F-11D3-BF4B-00C04F79EFBC}") = "DBFighters", "DBFighters\DBFighters.csproj", "{1B8C7ED7-67EF-48EC-BBA1-32CB58910177}"
EndProject
Global
	GlobalSection(SolutionConfigurationPlatforms) = preSolution
		Debug|Any CPU = Debug|Any CPU
		Release|Any CPU = Release|Any CPU
	EndGlobalSection
	GlobalSection(ProjectConfigurationPlatforms) = postSolution
		{1B8C7ED7-67EF-48EC-BBA1-32CB58910177}.Debug|Any CPU.ActiveCfg = Debug|Any CPU
		{1B8C7ED7-67EF-48EC-BBA1-32CB58910177}.Debug|Any CPU.Build.0 = Debug|Any CPU
		{1B8C7ED7-67EF-48EC-BBA1-32CB58910177}.Release|Any CPU.ActiveCfg = Release|Any CPU
		{1B8C7ED7-67EF-48EC-BBA1-32CB58910177}.Release|Any CPU.Build.0 = Release|Any CPU
	EndGlobalSection
	GlobalSection(SolutionProperties) = preSolution
		HideSolutionNode = FALSE
	EndGlobalSection
	GlobalSection(ExtensibilityGlobals) = postSolution
		SolutionGuid = {C4FDDE80-6908-4E9B-A8C3-4EBF66061FF0}
	EndGlobalSection
EndGlobal
